// !$*UTF8*$!
{
	archiveVersion = 1;
	classes = {
	};
	objectVersion = 56;
	objects = {

/* Begin PBXBuildFile section */
		EDC634E92B9F4AC6007AD641 /* SnapKit in Frameworks */ = {isa = PBXBuildFile; productRef = EDC634E82B9F4AC6007AD641 /* SnapKit */; };
		EDC634EB2B9F4AC6007AD641 /* SnapKit-Dynamic in Frameworks */ = {isa = PBXBuildFile; productRef = EDC634EA2B9F4AC6007AD641 /* SnapKit-Dynamic */; };
		EDC634ED2B9FE42C007AD641 /* UIFont+.swift in Sources */ = {isa = PBXBuildFile; fileRef = EDC634EC2B9FE42C007AD641 /* UIFont+.swift */; };
		EDC634EF2B9FE437007AD641 /* UIColor+.swift in Sources */ = {isa = PBXBuildFile; fileRef = EDC634EE2B9FE437007AD641 /* UIColor+.swift */; };
		EDC634F12B9FE44B007AD641 /* UIView+.swift in Sources */ = {isa = PBXBuildFile; fileRef = EDC634F02B9FE44B007AD641 /* UIView+.swift */; };
		EDC634F32B9FE467007AD641 /* UITextField+.swift in Sources */ = {isa = PBXBuildFile; fileRef = EDC634F22B9FE467007AD641 /* UITextField+.swift */; };
		EDC634F52B9FE471007AD641 /* UIStackView+.swift in Sources */ = {isa = PBXBuildFile; fileRef = EDC634F42B9FE471007AD641 /* UIStackView+.swift */; };
		EDC634FF2B9FE5C3007AD641 /* Pretendard-Thin.otf in Resources */ = {isa = PBXBuildFile; fileRef = EDC634F62B9FE5C2007AD641 /* Pretendard-Thin.otf */; };
		EDC635002B9FE5C3007AD641 /* Pretendard-ExtraBold.otf in Resources */ = {isa = PBXBuildFile; fileRef = EDC634F72B9FE5C2007AD641 /* Pretendard-ExtraBold.otf */; };
		EDC635012B9FE5C3007AD641 /* Pretendard-Bold.otf in Resources */ = {isa = PBXBuildFile; fileRef = EDC634F82B9FE5C2007AD641 /* Pretendard-Bold.otf */; };
		EDC635022B9FE5C3007AD641 /* Pretendard-Black.otf in Resources */ = {isa = PBXBuildFile; fileRef = EDC634F92B9FE5C2007AD641 /* Pretendard-Black.otf */; };
		EDC635032B9FE5C3007AD641 /* Pretendard-Light.otf in Resources */ = {isa = PBXBuildFile; fileRef = EDC634FA2B9FE5C2007AD641 /* Pretendard-Light.otf */; };
		EDC635042B9FE5C3007AD641 /* Pretendard-Medium.otf in Resources */ = {isa = PBXBuildFile; fileRef = EDC634FB2B9FE5C2007AD641 /* Pretendard-Medium.otf */; };
		EDC635052B9FE5C3007AD641 /* Pretendard-Regular.otf in Resources */ = {isa = PBXBuildFile; fileRef = EDC634FC2B9FE5C3007AD641 /* Pretendard-Regular.otf */; };
		EDC635062B9FE5C3007AD641 /* Pretendard-SemiBold.otf in Resources */ = {isa = PBXBuildFile; fileRef = EDC634FD2B9FE5C3007AD641 /* Pretendard-SemiBold.otf */; };
		EDC635072B9FE5C3007AD641 /* Pretendard-ExtraLight.otf in Resources */ = {isa = PBXBuildFile; fileRef = EDC634FE2B9FE5C3007AD641 /* Pretendard-ExtraLight.otf */; };
		EDC6350A2B9FFAF8007AD641 /* YourManitoLabel.swift in Sources */ = {isa = PBXBuildFile; fileRef = EDC635092B9FFAF8007AD641 /* YourManitoLabel.swift */; };
		EDE207792B8CE36D00B57CCF /* AppDelegate.swift in Sources */ = {isa = PBXBuildFile; fileRef = EDE207782B8CE36D00B57CCF /* AppDelegate.swift */; };
		EDE2077B2B8CE36D00B57CCF /* SceneDelegate.swift in Sources */ = {isa = PBXBuildFile; fileRef = EDE2077A2B8CE36D00B57CCF /* SceneDelegate.swift */; };
		EDE2077D2B8CE36D00B57CCF /* HomeViewController.swift in Sources */ = {isa = PBXBuildFile; fileRef = EDE2077C2B8CE36D00B57CCF /* HomeViewController.swift */; };
		EDE207822B8CE36F00B57CCF /* Assets.xcassets in Resources */ = {isa = PBXBuildFile; fileRef = EDE207812B8CE36F00B57CCF /* Assets.xcassets */; };
		EDE207852B8CE36F00B57CCF /* LaunchScreen.storyboard in Resources */ = {isa = PBXBuildFile; fileRef = EDE207832B8CE36F00B57CCF /* LaunchScreen.storyboard */; };
		EDE2079B2B9105A300B57CCF /* LoginViewController.swift in Sources */ = {isa = PBXBuildFile; fileRef = EDE2079A2B9105A300B57CCF /* LoginViewController.swift */; };
/* End PBXBuildFile section */

/* Begin PBXFileReference section */
		EDC634EC2B9FE42C007AD641 /* UIFont+.swift */ = {isa = PBXFileReference; lastKnownFileType = sourcecode.swift; path = "UIFont+.swift"; sourceTree = "<group>"; };
		EDC634EE2B9FE437007AD641 /* UIColor+.swift */ = {isa = PBXFileReference; lastKnownFileType = sourcecode.swift; path = "UIColor+.swift"; sourceTree = "<group>"; };
		EDC634F02B9FE44B007AD641 /* UIView+.swift */ = {isa = PBXFileReference; lastKnownFileType = sourcecode.swift; path = "UIView+.swift"; sourceTree = "<group>"; };
		EDC634F22B9FE467007AD641 /* UITextField+.swift */ = {isa = PBXFileReference; lastKnownFileType = sourcecode.swift; path = "UITextField+.swift"; sourceTree = "<group>"; };
		EDC634F42B9FE471007AD641 /* UIStackView+.swift */ = {isa = PBXFileReference; lastKnownFileType = sourcecode.swift; path = "UIStackView+.swift"; sourceTree = "<group>"; };
		EDC634F62B9FE5C2007AD641 /* Pretendard-Thin.otf */ = {isa = PBXFileReference; lastKnownFileType = file; path = "Pretendard-Thin.otf"; sourceTree = "<group>"; };
		EDC634F72B9FE5C2007AD641 /* Pretendard-ExtraBold.otf */ = {isa = PBXFileReference; lastKnownFileType = file; path = "Pretendard-ExtraBold.otf"; sourceTree = "<group>"; };
		EDC634F82B9FE5C2007AD641 /* Pretendard-Bold.otf */ = {isa = PBXFileReference; lastKnownFileType = file; path = "Pretendard-Bold.otf"; sourceTree = "<group>"; };
		EDC634F92B9FE5C2007AD641 /* Pretendard-Black.otf */ = {isa = PBXFileReference; lastKnownFileType = file; path = "Pretendard-Black.otf"; sourceTree = "<group>"; };
		EDC634FA2B9FE5C2007AD641 /* Pretendard-Light.otf */ = {isa = PBXFileReference; lastKnownFileType = file; path = "Pretendard-Light.otf"; sourceTree = "<group>"; };
		EDC634FB2B9FE5C2007AD641 /* Pretendard-Medium.otf */ = {isa = PBXFileReference; lastKnownFileType = file; path = "Pretendard-Medium.otf"; sourceTree = "<group>"; };
		EDC634FC2B9FE5C3007AD641 /* Pretendard-Regular.otf */ = {isa = PBXFileReference; lastKnownFileType = file; path = "Pretendard-Regular.otf"; sourceTree = "<group>"; };
		EDC634FD2B9FE5C3007AD641 /* Pretendard-SemiBold.otf */ = {isa = PBXFileReference; lastKnownFileType = file; path = "Pretendard-SemiBold.otf"; sourceTree = "<group>"; };
		EDC634FE2B9FE5C3007AD641 /* Pretendard-ExtraLight.otf */ = {isa = PBXFileReference; lastKnownFileType = file; path = "Pretendard-ExtraLight.otf"; sourceTree = "<group>"; };
		EDC635092B9FFAF8007AD641 /* YourManitoLabel.swift */ = {isa = PBXFileReference; lastKnownFileType = sourcecode.swift; path = YourManitoLabel.swift; sourceTree = "<group>"; };
		EDE207752B8CE36D00B57CCF /* YourManito.app */ = {isa = PBXFileReference; explicitFileType = wrapper.application; includeInIndex = 0; path = YourManito.app; sourceTree = BUILT_PRODUCTS_DIR; };
		EDE207782B8CE36D00B57CCF /* AppDelegate.swift */ = {isa = PBXFileReference; lastKnownFileType = sourcecode.swift; path = AppDelegate.swift; sourceTree = "<group>"; };
		EDE2077A2B8CE36D00B57CCF /* SceneDelegate.swift */ = {isa = PBXFileReference; lastKnownFileType = sourcecode.swift; path = SceneDelegate.swift; sourceTree = "<group>"; };
		EDE2077C2B8CE36D00B57CCF /* HomeViewController.swift */ = {isa = PBXFileReference; lastKnownFileType = sourcecode.swift; path = HomeViewController.swift; sourceTree = "<group>"; };
		EDE207812B8CE36F00B57CCF /* Assets.xcassets */ = {isa = PBXFileReference; lastKnownFileType = folder.assetcatalog; path = Assets.xcassets; sourceTree = "<group>"; };
		EDE207842B8CE36F00B57CCF /* Base */ = {isa = PBXFileReference; lastKnownFileType = file.storyboard; name = Base; path = Base.lproj/LaunchScreen.storyboard; sourceTree = "<group>"; };
		EDE207862B8CE36F00B57CCF /* Info.plist */ = {isa = PBXFileReference; lastKnownFileType = text.plist.xml; path = Info.plist; sourceTree = "<group>"; };
		EDE2079A2B9105A300B57CCF /* LoginViewController.swift */ = {isa = PBXFileReference; lastKnownFileType = sourcecode.swift; path = LoginViewController.swift; sourceTree = "<group>"; };
/* End PBXFileReference section */

/* Begin PBXFrameworksBuildPhase section */
		EDE207722B8CE36D00B57CCF /* Frameworks */ = {
			isa = PBXFrameworksBuildPhase;
			buildActionMask = 2147483647;
			files = (
				EDC634E92B9F4AC6007AD641 /* SnapKit in Frameworks */,
				EDC634EB2B9F4AC6007AD641 /* SnapKit-Dynamic in Frameworks */,
			);
			runOnlyForDeploymentPostprocessing = 0;
		};
/* End PBXFrameworksBuildPhase section */

/* Begin PBXGroup section */
		ED7CA64D2B9B7DF0003BA5F7 /* EnterRoom */ = {
			isa = PBXGroup;
			children = (
			);
			path = EnterRoom;
			sourceTree = "<group>";
		};
		ED7CA64E2B9B7E2D003BA5F7 /* Detail */ = {
			isa = PBXGroup;
			children = (
			);
			path = Detail;
			sourceTree = "<group>";
		};
		EDC635082B9FF8FD007AD641 /* UIComponents */ = {
			isa = PBXGroup;
			children = (
				EDC635092B9FFAF8007AD641 /* YourManitoLabel.swift */,
			);
			path = UIComponents;
			sourceTree = "<group>";
		};
		EDE2076C2B8CE36D00B57CCF = {
			isa = PBXGroup;
			children = (
				EDE207772B8CE36D00B57CCF /* YourManito */,
				EDE207762B8CE36D00B57CCF /* Products */,
			);
			sourceTree = "<group>";
		};
		EDE207762B8CE36D00B57CCF /* Products */ = {
			isa = PBXGroup;
			children = (
				EDE207752B8CE36D00B57CCF /* YourManito.app */,
			);
			name = Products;
			sourceTree = "<group>";
		};
		EDE207772B8CE36D00B57CCF /* YourManito */ = {
			isa = PBXGroup;
			children = (
				EDE2078D2B8E934900B57CCF /* Resources */,
				EDE2078C2B8E934100B57CCF /* Sources */,
				EDE207862B8CE36F00B57CCF /* Info.plist */,
			);
			path = YourManito;
			sourceTree = "<group>";
		};
		EDE2078C2B8E934100B57CCF /* Sources */ = {
			isa = PBXGroup;
			children = (
				EDE207922B8E93B800B57CCF /* Scene */,
				EDE207912B8E93B000B57CCF /* Network */,
				EDE207902B8E93A800B57CCF /* Model */,
				EDE2078F2B8E939F00B57CCF /* Util */,
				EDE2078E2B8E937600B57CCF /* Application */,
			);
			path = Sources;
			sourceTree = "<group>";
		};
		EDE2078D2B8E934900B57CCF /* Resources */ = {
			isa = PBXGroup;
			children = (
				EDE207952B8EA73E00B57CCF /* Fonts */,
				EDE207812B8CE36F00B57CCF /* Assets.xcassets */,
				EDE207832B8CE36F00B57CCF /* LaunchScreen.storyboard */,
			);
			path = Resources;
			sourceTree = "<group>";
		};
		EDE2078E2B8E937600B57CCF /* Application */ = {
			isa = PBXGroup;
			children = (
				EDE207782B8CE36D00B57CCF /* AppDelegate.swift */,
				EDE2077A2B8CE36D00B57CCF /* SceneDelegate.swift */,
			);
			path = Application;
			sourceTree = "<group>";
		};
		EDE2078F2B8E939F00B57CCF /* Util */ = {
			isa = PBXGroup;
			children = (
				EDC635082B9FF8FD007AD641 /* UIComponents */,
				EDE207962B8EA74800B57CCF /* Extensions */,
			);
			path = Util;
			sourceTree = "<group>";
		};
		EDE207902B8E93A800B57CCF /* Model */ = {
			isa = PBXGroup;
			children = (
			);
			path = Model;
			sourceTree = "<group>";
		};
		EDE207912B8E93B000B57CCF /* Network */ = {
			isa = PBXGroup;
			children = (
			);
			path = Network;
			sourceTree = "<group>";
		};
		EDE207922B8E93B800B57CCF /* Scene */ = {
			isa = PBXGroup;
			children = (
				ED7CA64E2B9B7E2D003BA5F7 /* Detail */,
				ED7CA64D2B9B7DF0003BA5F7 /* EnterRoom */,
				EDE207992B8EACDD00B57CCF /* Settings */,
				EDE207982B8EABCB00B57CCF /* JoinRoom */,
				EDE207972B8EABC000B57CCF /* MakeRoom */,
				EDE207942B8EA24E00B57CCF /* Home */,
				EDE207932B8EA02400B57CCF /* Login */,
			);
			path = Scene;
			sourceTree = "<group>";
		};
		EDE207932B8EA02400B57CCF /* Login */ = {
			isa = PBXGroup;
			children = (
				EDE2079A2B9105A300B57CCF /* LoginViewController.swift */,
			);
			path = Login;
			sourceTree = "<group>";
		};
		EDE207942B8EA24E00B57CCF /* Home */ = {
			isa = PBXGroup;
			children = (
				EDE2077C2B8CE36D00B57CCF /* HomeViewController.swift */,
			);
			path = Home;
			sourceTree = "<group>";
		};
		EDE207952B8EA73E00B57CCF /* Fonts */ = {
			isa = PBXGroup;
			children = (
				EDC634F92B9FE5C2007AD641 /* Pretendard-Black.otf */,
				EDC634F82B9FE5C2007AD641 /* Pretendard-Bold.otf */,
				EDC634F72B9FE5C2007AD641 /* Pretendard-ExtraBold.otf */,
				EDC634FE2B9FE5C3007AD641 /* Pretendard-ExtraLight.otf */,
				EDC634FA2B9FE5C2007AD641 /* Pretendard-Light.otf */,
				EDC634FB2B9FE5C2007AD641 /* Pretendard-Medium.otf */,
				EDC634FC2B9FE5C3007AD641 /* Pretendard-Regular.otf */,
				EDC634FD2B9FE5C3007AD641 /* Pretendard-SemiBold.otf */,
				EDC634F62B9FE5C2007AD641 /* Pretendard-Thin.otf */,
			);
			path = Fonts;
			sourceTree = "<group>";
		};
		EDE207962B8EA74800B57CCF /* Extensions */ = {
			isa = PBXGroup;
			children = (
				EDC634EC2B9FE42C007AD641 /* UIFont+.swift */,
				EDC634EE2B9FE437007AD641 /* UIColor+.swift */,
				EDC634F02B9FE44B007AD641 /* UIView+.swift */,
				EDC634F22B9FE467007AD641 /* UITextField+.swift */,
				EDC634F42B9FE471007AD641 /* UIStackView+.swift */,
			);
			path = Extensions;
			sourceTree = "<group>";
		};
		EDE207972B8EABC000B57CCF /* MakeRoom */ = {
			isa = PBXGroup;
			children = (
			);
			path = MakeRoom;
			sourceTree = "<group>";
		};
		EDE207982B8EABCB00B57CCF /* JoinRoom */ = {
			isa = PBXGroup;
			children = (
			);
			path = JoinRoom;
			sourceTree = "<group>";
		};
		EDE207992B8EACDD00B57CCF /* Settings */ = {
			isa = PBXGroup;
			children = (
			);
			path = Settings;
			sourceTree = "<group>";
		};
/* End PBXGroup section */

/* Begin PBXNativeTarget section */
		EDE207742B8CE36D00B57CCF /* YourManito */ = {
			isa = PBXNativeTarget;
			buildConfigurationList = EDE207892B8CE36F00B57CCF /* Build configuration list for PBXNativeTarget "YourManito" */;
			buildPhases = (
				EDE207712B8CE36D00B57CCF /* Sources */,
				EDE207722B8CE36D00B57CCF /* Frameworks */,
				EDE207732B8CE36D00B57CCF /* Resources */,
			);
			buildRules = (
			);
			dependencies = (
			);
			name = YourManito;
			packageProductDependencies = (
				EDC634E82B9F4AC6007AD641 /* SnapKit */,
				EDC634EA2B9F4AC6007AD641 /* SnapKit-Dynamic */,
			);
			productName = YourManito;
			productReference = EDE207752B8CE36D00B57CCF /* YourManito.app */;
			productType = "com.apple.product-type.application";
		};
/* End PBXNativeTarget section */

/* Begin PBXProject section */
		EDE2076D2B8CE36D00B57CCF /* Project object */ = {
			isa = PBXProject;
			attributes = {
				BuildIndependentTargetsInParallel = 1;
				LastSwiftUpdateCheck = 1500;
				LastUpgradeCheck = 1500;
				TargetAttributes = {
					EDE207742B8CE36D00B57CCF = {
						CreatedOnToolsVersion = 15.0.1;
					};
				};
			};
			buildConfigurationList = EDE207702B8CE36D00B57CCF /* Build configuration list for PBXProject "YourManito" */;
			compatibilityVersion = "Xcode 14.0";
			developmentRegion = en;
			hasScannedForEncodings = 0;
			knownRegions = (
				en,
				Base,
			);
			mainGroup = EDE2076C2B8CE36D00B57CCF;
			packageReferences = (
				EDC634E72B9F4AC6007AD641 /* XCRemoteSwiftPackageReference "SnapKit" */,
			);
			productRefGroup = EDE207762B8CE36D00B57CCF /* Products */;
			projectDirPath = "";
			projectRoot = "";
			targets = (
				EDE207742B8CE36D00B57CCF /* YourManito */,
			);
		};
/* End PBXProject section */

/* Begin PBXResourcesBuildPhase section */
		EDE207732B8CE36D00B57CCF /* Resources */ = {
			isa = PBXResourcesBuildPhase;
			buildActionMask = 2147483647;
			files = (
				EDC634FF2B9FE5C3007AD641 /* Pretendard-Thin.otf in Resources */,
				EDC635012B9FE5C3007AD641 /* Pretendard-Bold.otf in Resources */,
				EDE207852B8CE36F00B57CCF /* LaunchScreen.storyboard in Resources */,
				EDC635042B9FE5C3007AD641 /* Pretendard-Medium.otf in Resources */,
				EDC635052B9FE5C3007AD641 /* Pretendard-Regular.otf in Resources */,
				EDC635002B9FE5C3007AD641 /* Pretendard-ExtraBold.otf in Resources */,
				EDC635032B9FE5C3007AD641 /* Pretendard-Light.otf in Resources */,
				EDC635062B9FE5C3007AD641 /* Pretendard-SemiBold.otf in Resources */,
				EDC635022B9FE5C3007AD641 /* Pretendard-Black.otf in Resources */,
				EDE207822B8CE36F00B57CCF /* Assets.xcassets in Resources */,
				EDC635072B9FE5C3007AD641 /* Pretendard-ExtraLight.otf in Resources */,
			);
			runOnlyForDeploymentPostprocessing = 0;
		};
/* End PBXResourcesBuildPhase section */

/* Begin PBXSourcesBuildPhase section */
		EDE207712B8CE36D00B57CCF /* Sources */ = {
			isa = PBXSourcesBuildPhase;
			buildActionMask = 2147483647;
			files = (
				EDE2079B2B9105A300B57CCF /* LoginViewController.swift in Sources */,
				EDC6350A2B9FFAF8007AD641 /* YourManitoLabel.swift in Sources */,
				EDE2077D2B8CE36D00B57CCF /* HomeViewController.swift in Sources */,
				EDC634F12B9FE44B007AD641 /* UIView+.swift in Sources */,
				EDC634ED2B9FE42C007AD641 /* UIFont+.swift in Sources */,
				EDE207792B8CE36D00B57CCF /* AppDelegate.swift in Sources */,
				EDE2077B2B8CE36D00B57CCF /* SceneDelegate.swift in Sources */,
				EDC634EF2B9FE437007AD641 /* UIColor+.swift in Sources */,
				EDC634F52B9FE471007AD641 /* UIStackView+.swift in Sources */,
				EDC634F32B9FE467007AD641 /* UITextField+.swift in Sources */,
			);
			runOnlyForDeploymentPostprocessing = 0;
		};
/* End PBXSourcesBuildPhase section */

/* Begin PBXVariantGroup section */
		EDE207832B8CE36F00B57CCF /* LaunchScreen.storyboard */ = {
			isa = PBXVariantGroup;
			children = (
				EDE207842B8CE36F00B57CCF /* Base */,
			);
			name = LaunchScreen.storyboard;
			sourceTree = "<group>";
		};
/* End PBXVariantGroup section */

/* Begin XCBuildConfiguration section */
		EDE207872B8CE36F00B57CCF /* Debug */ = {
			isa = XCBuildConfiguration;
			buildSettings = {
				ALWAYS_SEARCH_USER_PATHS = NO;
				ASSETCATALOG_COMPILER_GENERATE_SWIFT_ASSET_SYMBOL_EXTENSIONS = YES;
				CLANG_ANALYZER_NONNULL = YES;
				CLANG_ANALYZER_NUMBER_OBJECT_CONVERSION = YES_AGGRESSIVE;
				CLANG_CXX_LANGUAGE_STANDARD = "gnu++20";
				CLANG_ENABLE_MODULES = YES;
				CLANG_ENABLE_OBJC_ARC = YES;
				CLANG_ENABLE_OBJC_WEAK = YES;
				CLANG_WARN_BLOCK_CAPTURE_AUTORELEASING = YES;
				CLANG_WARN_BOOL_CONVERSION = YES;
				CLANG_WARN_COMMA = YES;
				CLANG_WARN_CONSTANT_CONVERSION = YES;
				CLANG_WARN_DEPRECATED_OBJC_IMPLEMENTATIONS = YES;
				CLANG_WARN_DIRECT_OBJC_ISA_USAGE = YES_ERROR;
				CLANG_WARN_DOCUMENTATION_COMMENTS = YES;
				CLANG_WARN_EMPTY_BODY = YES;
				CLANG_WARN_ENUM_CONVERSION = YES;
				CLANG_WARN_INFINITE_RECURSION = YES;
				CLANG_WARN_INT_CONVERSION = YES;
				CLANG_WARN_NON_LITERAL_NULL_CONVERSION = YES;
				CLANG_WARN_OBJC_IMPLICIT_RETAIN_SELF = YES;
				CLANG_WARN_OBJC_LITERAL_CONVERSION = YES;
				CLANG_WARN_OBJC_ROOT_CLASS = YES_ERROR;
				CLANG_WARN_QUOTED_INCLUDE_IN_FRAMEWORK_HEADER = YES;
				CLANG_WARN_RANGE_LOOP_ANALYSIS = YES;
				CLANG_WARN_STRICT_PROTOTYPES = YES;
				CLANG_WARN_SUSPICIOUS_MOVE = YES;
				CLANG_WARN_UNGUARDED_AVAILABILITY = YES_AGGRESSIVE;
				CLANG_WARN_UNREACHABLE_CODE = YES;
				CLANG_WARN__DUPLICATE_METHOD_MATCH = YES;
				COPY_PHASE_STRIP = NO;
				DEBUG_INFORMATION_FORMAT = dwarf;
				ENABLE_STRICT_OBJC_MSGSEND = YES;
				ENABLE_TESTABILITY = YES;
				ENABLE_USER_SCRIPT_SANDBOXING = YES;
				GCC_C_LANGUAGE_STANDARD = gnu17;
				GCC_DYNAMIC_NO_PIC = NO;
				GCC_NO_COMMON_BLOCKS = YES;
				GCC_OPTIMIZATION_LEVEL = 0;
				GCC_PREPROCESSOR_DEFINITIONS = (
					"DEBUG=1",
					"$(inherited)",
				);
				GCC_WARN_64_TO_32_BIT_CONVERSION = YES;
				GCC_WARN_ABOUT_RETURN_TYPE = YES_ERROR;
				GCC_WARN_UNDECLARED_SELECTOR = YES;
				GCC_WARN_UNINITIALIZED_AUTOS = YES_AGGRESSIVE;
				GCC_WARN_UNUSED_FUNCTION = YES;
				GCC_WARN_UNUSED_VARIABLE = YES;
				IPHONEOS_DEPLOYMENT_TARGET = 17.0;
				LOCALIZATION_PREFERS_STRING_CATALOGS = YES;
				MTL_ENABLE_DEBUG_INFO = INCLUDE_SOURCE;
				MTL_FAST_MATH = YES;
				ONLY_ACTIVE_ARCH = YES;
				SDKROOT = iphoneos;
				SWIFT_ACTIVE_COMPILATION_CONDITIONS = "DEBUG $(inherited)";
				SWIFT_OPTIMIZATION_LEVEL = "-Onone";
			};
			name = Debug;
		};
		EDE207882B8CE36F00B57CCF /* Release */ = {
			isa = XCBuildConfiguration;
			buildSettings = {
				ALWAYS_SEARCH_USER_PATHS = NO;
				ASSETCATALOG_COMPILER_GENERATE_SWIFT_ASSET_SYMBOL_EXTENSIONS = YES;
				CLANG_ANALYZER_NONNULL = YES;
				CLANG_ANALYZER_NUMBER_OBJECT_CONVERSION = YES_AGGRESSIVE;
				CLANG_CXX_LANGUAGE_STANDARD = "gnu++20";
				CLANG_ENABLE_MODULES = YES;
				CLANG_ENABLE_OBJC_ARC = YES;
				CLANG_ENABLE_OBJC_WEAK = YES;
				CLANG_WARN_BLOCK_CAPTURE_AUTORELEASING = YES;
				CLANG_WARN_BOOL_CONVERSION = YES;
				CLANG_WARN_COMMA = YES;
				CLANG_WARN_CONSTANT_CONVERSION = YES;
				CLANG_WARN_DEPRECATED_OBJC_IMPLEMENTATIONS = YES;
				CLANG_WARN_DIRECT_OBJC_ISA_USAGE = YES_ERROR;
				CLANG_WARN_DOCUMENTATION_COMMENTS = YES;
				CLANG_WARN_EMPTY_BODY = YES;
				CLANG_WARN_ENUM_CONVERSION = YES;
				CLANG_WARN_INFINITE_RECURSION = YES;
				CLANG_WARN_INT_CONVERSION = YES;
				CLANG_WARN_NON_LITERAL_NULL_CONVERSION = YES;
				CLANG_WARN_OBJC_IMPLICIT_RETAIN_SELF = YES;
				CLANG_WARN_OBJC_LITERAL_CONVERSION = YES;
				CLANG_WARN_OBJC_ROOT_CLASS = YES_ERROR;
				CLANG_WARN_QUOTED_INCLUDE_IN_FRAMEWORK_HEADER = YES;
				CLANG_WARN_RANGE_LOOP_ANALYSIS = YES;
				CLANG_WARN_STRICT_PROTOTYPES = YES;
				CLANG_WARN_SUSPICIOUS_MOVE = YES;
				CLANG_WARN_UNGUARDED_AVAILABILITY = YES_AGGRESSIVE;
				CLANG_WARN_UNREACHABLE_CODE = YES;
				CLANG_WARN__DUPLICATE_METHOD_MATCH = YES;
				COPY_PHASE_STRIP = NO;
				DEBUG_INFORMATION_FORMAT = "dwarf-with-dsym";
				ENABLE_NS_ASSERTIONS = NO;
				ENABLE_STRICT_OBJC_MSGSEND = YES;
				ENABLE_USER_SCRIPT_SANDBOXING = YES;
				GCC_C_LANGUAGE_STANDARD = gnu17;
				GCC_NO_COMMON_BLOCKS = YES;
				GCC_WARN_64_TO_32_BIT_CONVERSION = YES;
				GCC_WARN_ABOUT_RETURN_TYPE = YES_ERROR;
				GCC_WARN_UNDECLARED_SELECTOR = YES;
				GCC_WARN_UNINITIALIZED_AUTOS = YES_AGGRESSIVE;
				GCC_WARN_UNUSED_FUNCTION = YES;
				GCC_WARN_UNUSED_VARIABLE = YES;
				IPHONEOS_DEPLOYMENT_TARGET = 17.0;
				LOCALIZATION_PREFERS_STRING_CATALOGS = YES;
				MTL_ENABLE_DEBUG_INFO = NO;
				MTL_FAST_MATH = YES;
				SDKROOT = iphoneos;
				SWIFT_COMPILATION_MODE = wholemodule;
				VALIDATE_PRODUCT = YES;
			};
			name = Release;
		};
		EDE2078A2B8CE36F00B57CCF /* Debug */ = {
			isa = XCBuildConfiguration;
			buildSettings = {
				ASSETCATALOG_COMPILER_APPICON_NAME = AppIcon;
				ASSETCATALOG_COMPILER_GLOBAL_ACCENT_COLOR_NAME = AccentColor;
				CODE_SIGN_STYLE = Automatic;
				CURRENT_PROJECT_VERSION = 1;
				DEVELOPMENT_TEAM = WJKNV9KXF2;
				GENERATE_INFOPLIST_FILE = YES;
				INFOPLIST_FILE = YourManito/Info.plist;
				INFOPLIST_KEY_UIApplicationSupportsIndirectInputEvents = YES;
				INFOPLIST_KEY_UILaunchStoryboardName = LaunchScreen;
				INFOPLIST_KEY_UISupportedInterfaceOrientations_iPad = "UIInterfaceOrientationPortrait UIInterfaceOrientationPortraitUpsideDown UIInterfaceOrientationLandscapeLeft UIInterfaceOrientationLandscapeRight";
				INFOPLIST_KEY_UISupportedInterfaceOrientations_iPhone = "UIInterfaceOrientationPortrait UIInterfaceOrientationLandscapeLeft UIInterfaceOrientationLandscapeRight";
				LD_RUNPATH_SEARCH_PATHS = (
					"$(inherited)",
					"@executable_path/Frameworks",
				);
				MARKETING_VERSION = 1.0;
				PRODUCT_BUNDLE_IDENTIFIER = com.jacksim.YourManito;
				PRODUCT_NAME = "$(TARGET_NAME)";
				SWIFT_EMIT_LOC_STRINGS = YES;
				SWIFT_VERSION = 5.0;
				TARGETED_DEVICE_FAMILY = "1,2";
			};
			name = Debug;
		};
		EDE2078B2B8CE36F00B57CCF /* Release */ = {
			isa = XCBuildConfiguration;
			buildSettings = {
				ASSETCATALOG_COMPILER_APPICON_NAME = AppIcon;
				ASSETCATALOG_COMPILER_GLOBAL_ACCENT_COLOR_NAME = AccentColor;
				CODE_SIGN_STYLE = Automatic;
				CURRENT_PROJECT_VERSION = 1;
				DEVELOPMENT_TEAM = WJKNV9KXF2;
				GENERATE_INFOPLIST_FILE = YES;
				INFOPLIST_FILE = YourManito/Info.plist;
				INFOPLIST_KEY_UIApplicationSupportsIndirectInputEvents = YES;
				INFOPLIST_KEY_UILaunchStoryboardName = LaunchScreen;
				INFOPLIST_KEY_UISupportedInterfaceOrientations_iPad = "UIInterfaceOrientationPortrait UIInterfaceOrientationPortraitUpsideDown UIInterfaceOrientationLandscapeLeft UIInterfaceOrientationLandscapeRight";
				INFOPLIST_KEY_UISupportedInterfaceOrientations_iPhone = "UIInterfaceOrientationPortrait UIInterfaceOrientationLandscapeLeft UIInterfaceOrientationLandscapeRight";
				LD_RUNPATH_SEARCH_PATHS = (
					"$(inherited)",
					"@executable_path/Frameworks",
				);
				MARKETING_VERSION = 1.0;
				PRODUCT_BUNDLE_IDENTIFIER = com.jacksim.YourManito;
				PRODUCT_NAME = "$(TARGET_NAME)";
				SWIFT_EMIT_LOC_STRINGS = YES;
				SWIFT_VERSION = 5.0;
				TARGETED_DEVICE_FAMILY = "1,2";
			};
			name = Release;
		};
/* End XCBuildConfiguration section */

/* Begin XCConfigurationList section */
		EDE207702B8CE36D00B57CCF /* Build configuration list for PBXProject "YourManito" */ = {
			isa = XCConfigurationList;
			buildConfigurations = (
				EDE207872B8CE36F00B57CCF /* Debug */,
				EDE207882B8CE36F00B57CCF /* Release */,
			);
			defaultConfigurationIsVisible = 0;
			defaultConfigurationName = Release;
		};
		EDE207892B8CE36F00B57CCF /* Build configuration list for PBXNativeTarget "YourManito" */ = {
			isa = XCConfigurationList;
			buildConfigurations = (
				EDE2078A2B8CE36F00B57CCF /* Debug */,
				EDE2078B2B8CE36F00B57CCF /* Release */,
			);
			defaultConfigurationIsVisible = 0;
			defaultConfigurationName = Release;
		};
/* End XCConfigurationList section */

/* Begin XCRemoteSwiftPackageReference section */
		EDC634E72B9F4AC6007AD641 /* XCRemoteSwiftPackageReference "SnapKit" */ = {
			isa = XCRemoteSwiftPackageReference;
			repositoryURL = "https://github.com/SnapKit/SnapKit";
			requirement = {
				kind = upToNextMajorVersion;
				minimumVersion = 5.7.1;
			};
		};
/* End XCRemoteSwiftPackageReference section */

/* Begin XCSwiftPackageProductDependency section */
		EDC634E82B9F4AC6007AD641 /* SnapKit */ = {
			isa = XCSwiftPackageProductDependency;
			package = EDC634E72B9F4AC6007AD641 /* XCRemoteSwiftPackageReference "SnapKit" */;
			productName = SnapKit;
		};
		EDC634EA2B9F4AC6007AD641 /* SnapKit-Dynamic */ = {
			isa = XCSwiftPackageProductDependency;
			package = EDC634E72B9F4AC6007AD641 /* XCRemoteSwiftPackageReference "SnapKit" */;
			productName = "SnapKit-Dynamic";
		};
/* End XCSwiftPackageProductDependency section */
	};
	rootObject = EDE2076D2B8CE36D00B57CCF /* Project object */;
}
